
Microsoft Visual Studio Solution File, Format Version 12.00
# Visual Studio 15
Project("{FAE04EC0-301F-11D3-BF4B-00C04F79EFBC}") = "Unity.Timeline", "Unity.Timeline.csproj", "{F7482ECD-2091-4BDF-C97B-109360BAE08C}"
EndProject
Project("{FAE04EC0-301F-11D3-BF4B-00C04F79EFBC}") = "Unity.Timeline.Editor", "Unity.Timeline.Editor.csproj", "{7F9BE796-84A4-73E4-22E4-64D3AC278687}"
EndProject
Project("{FAE04EC0-301F-11D3-BF4B-00C04F79EFBC}") = "Unity.TextMeshPro.Editor", "Unity.TextMeshPro.Editor.csproj", "{BC2B51AB-479A-4DCB-323E-E465A872C70D}"
EndProject
Project("{FAE04EC0-301F-11D3-BF4B-00C04F79EFBC}") = "Unity.PlasticSCM.Editor", "Unity.PlasticSCM.Editor.csproj", "{BF0A4CB2-48B5-63A7-4989-4E05C804CF93}"
EndProject
Project("{FAE04EC0-301F-11D3-BF4B-00C04F79EFBC}") = "Unity.2D.Psdimporter.Editor", "Unity.2D.Psdimporter.Editor.csproj", "{F56E2222-4B45-D181-773E-CA87823924C5}"
EndProject
Project("{FAE04EC0-301F-11D3-BF4B-00C04F79EFBC}") = "Unity.InputSystem", "Unity.InputSystem.csproj", "{E8FAEE29-BED1-3383-B5A8-1BADA4756CCB}"
EndProject
Project("{FAE04EC0-301F-11D3-BF4B-00C04F79EFBC}") = "Unity.Mathematics", "Unity.Mathematics.csproj", "{F160567A-EB2D-D291-2751-36E198AE393C}"
EndProject
Project("{FAE04EC0-301F-11D3-BF4B-00C04F79EFBC}") = "Unity.2D.Animation.Editor", "Unity.2D.Animation.Editor.csproj", "{D8169AC1-2BB5-25F2-D0DA-C977EBBFCF7F}"
EndProject
Project("{FAE04EC0-301F-11D3-BF4B-00C04F79EFBC}") = "Unity.2D.Common.Path.Editor", "Unity.2D.Common.Path.Editor.csproj", "{11A7659B-A404-B585-1388-916B817FF5A3}"
EndProject
Project("{FAE04EC0-301F-11D3-BF4B-00C04F79EFBC}") = "Unity.2D.IK.Runtime", "Unity.2D.IK.Runtime.csproj", "{09FAB26D-A08A-4601-BD2C-C27C4CDF7454}"
EndProject
Project("{FAE04EC0-301F-11D3-BF4B-00C04F79EFBC}") = "UnityEditor.TestRunner", "UnityEditor.TestRunner.csproj", "{FA30E60F-65C4-4837-8800-9CB4A439FFB8}"
EndProject
Project("{FAE04EC0-301F-11D3-BF4B-00C04F79EFBC}") = "Assembly-CSharp", "Assembly-CSharp.csproj", "{15DE9972-4BFB-C2B5-EF3A-10BE0F2196D3}"
EndProject
Project("{FAE04EC0-301F-11D3-BF4B-00C04F79EFBC}") = "UnityEngine.TestRunner", "UnityEngine.TestRunner.csproj", "{E8742BF9-4D29-7669-3E67-3FBC893F5557}"
EndProject
Project("{FAE04EC0-301F-11D3-BF4B-00C04F79EFBC}") = "PsdPlugin", "PsdPlugin.csproj", "{6652CD25-A686-421D-AD6C-2A59A0B4257E}"
EndProject
Project("{FAE04EC0-301F-11D3-BF4B-00C04F79EFBC}") = "Unity.Burst", "Unity.Burst.csproj", "{7179A8B1-CA08-F883-B061-BBAA0507700B}"
EndProject
Project("{FAE04EC0-301F-11D3-BF4B-00C04F79EFBC}") = "Unity.2D.SpriteShape.Editor", "Unity.2D.SpriteShape.Editor.csproj", "{FE04EAE7-143F-8B6C-208A-082D40D2ED85}"
EndProject
Project("{FAE04EC0-301F-11D3-BF4B-00C04F79EFBC}") = "Unity.Collections", "Unity.Collections.csproj", "{F11EAD29-3E18-87BE-59B1-9946B7CB8EF0}"
EndProject
Project("{FAE04EC0-301F-11D3-BF4B-00C04F79EFBC}") = "Unity.VisualStudio.Editor", "Unity.VisualStudio.Editor.csproj", "{A191C982-8437-08BF-7D28-F80C9FD4128C}"
EndProject
Project("{FAE04EC0-301F-11D3-BF4B-00C04F79EFBC}") = "Unity.Rider.Editor", "Unity.Rider.Editor.csproj", "{F1AA30E0-EAD8-CD49-7278-11B0E60E505A}"
EndProject
Project("{FAE04EC0-301F-11D3-BF4B-00C04F79EFBC}") = "Unity.InternalAPIEditorBridge.001", "Unity.InternalAPIEditorBridge.001.csproj", "{FEAA6A49-FB12-65F8-18F1-DEA088BCDD42}"
EndProject
Project("{FAE04EC0-301F-11D3-BF4B-00C04F79EFBC}") = "Unity.2D.SpriteShape.Runtime", "Unity.2D.SpriteShape.Runtime.csproj", "{8F722293-EE26-19B1-55A0-257CB323BCAC}"
EndProject
Project("{FAE04EC0-301F-11D3-BF4B-00C04F79EFBC}") = "Unity.2D.Animation.Runtime", "Unity.2D.Animation.Runtime.csproj", "{65486E4B-3220-3110-55C0-F5CE9D336528}"
EndProject
Project("{FAE04EC0-301F-11D3-BF4B-00C04F79EFBC}") = "Unity.Burst.CodeGen", "Unity.Burst.CodeGen.csproj", "{0AF8F118-0C90-5F3D-92BD-26A20680B7EC}"
EndProject
Project("{FAE04EC0-301F-11D3-BF4B-00C04F79EFBC}") = "Unity.TextMeshPro", "Unity.TextMeshPro.csproj", "{D79E9004-52E6-557D-3DD5-4660F5BE7700}"
EndProject
Project("{FAE04EC0-301F-11D3-BF4B-00C04F79EFBC}") = "Unity.VSCode.Editor", "Unity.VSCode.Editor.csproj", "{761D0EA2-580B-F467-D78F-63350FE95CFE}"
EndProject
Project("{FAE04EC0-301F-11D3-BF4B-00C04F79EFBC}") = "Unity.2D.IK.Editor", "Unity.2D.IK.Editor.csproj", "{16091D2E-C5BF-32DC-85AD-7496EED45A99}"
EndProject
Project("{FAE04EC0-301F-11D3-BF4B-00C04F79EFBC}") = "Unity.InternalAPIEngineBridge.001", "Unity.InternalAPIEngineBridge.001.csproj", "{97794148-C8C4-DFDD-DFB4-BC0B2A21D5A1}"
EndProject
Project("{FAE04EC0-301F-11D3-BF4B-00C04F79EFBC}") = "Unity.Burst.Editor", "Unity.Burst.Editor.csproj", "{B9FC764F-6DFA-F900-A8CB-BDA7918818D7}"
EndProject
Project("{FAE04EC0-301F-11D3-BF4B-00C04F79EFBC}") = "Unity.2D.Common.Editor", "Unity.2D.Common.Editor.csproj", "{0B8FD0E0-52DE-F683-46F6-5C2E4D0E9C1D}"
EndProject
Project("{FAE04EC0-301F-11D3-BF4B-00C04F79EFBC}") = "Unity.2D.PixelPerfect", "Unity.2D.PixelPerfect.csproj", "{70A8A395-063A-6C50-2923-55F84FEF39C1}"
EndProject
Project("{FAE04EC0-301F-11D3-BF4B-00C04F79EFBC}") = "Unity.2D.PixelPerfect.Editor", "Unity.2D.PixelPerfect.Editor.csproj", "{A2552050-BFF2-7696-00C4-DFABB7530328}"
EndProject
Project("{FAE04EC0-301F-11D3-BF4B-00C04F79EFBC}") = "Unity.2D.Common.Runtime", "Unity.2D.Common.Runtime.csproj", "{20BF7A37-F357-6F7F-23C7-98ECC2400630}"
EndProject
Project("{FAE04EC0-301F-11D3-BF4B-00C04F79EFBC}") = "Unity.InputSystem.ForUI", "Unity.InputSystem.ForUI.csproj", "{FDF0810D-7CCD-0C84-A72B-B7EB2A900562}"
EndProject
Project("{FAE04EC0-301F-11D3-BF4B-00C04F79EFBC}") = "Unity.Mathematics.Editor", "Unity.Mathematics.Editor.csproj", "{782B6C83-1D2F-09D8-B6C2-950A1B583DAB}"
EndProject
Project("{FAE04EC0-301F-11D3-BF4B-00C04F79EFBC}") = "Unity.InputSystem.TestFramework", "Unity.InputSystem.TestFramework.csproj", "{F56E7E16-B449-4BDC-6379-F56020DBCB33}"
EndProject
Project("{FAE04EC0-301F-11D3-BF4B-00C04F79EFBC}") = "Unity.Collections.BurstCompatibilityGen", "Unity.Collections.BurstCompatibilityGen.csproj", "{261C7922-DC54-0121-F7CA-70875072152A}"
EndProject
Project("{FAE04EC0-301F-11D3-BF4B-00C04F79EFBC}") = "Unity.Collections.DocCodeSamples", "Unity.Collections.DocCodeSamples.csproj", "{9DD7FDE6-7CD0-9CE6-A73B-85997E0A4750}"
EndProject
Project("{FAE04EC0-301F-11D3-BF4B-00C04F79EFBC}") = "Unity.CollabProxy.Editor", "Unity.CollabProxy.Editor.csproj", "{C809015C-71AC-E10B-29B6-FE52ABD9CF35}"
EndProject
Project("{FAE04EC0-301F-11D3-BF4B-00C04F79EFBC}") = "Unity.Timeline", "Unity.Timeline.Player.csproj", "{2AD39CBE-2AEF-E7F9-A2CB-B55F7F1603B6}"
EndProject
Project("{FAE04EC0-301F-11D3-BF4B-00C04F79EFBC}") = "Unity.InputSystem", "Unity.InputSystem.Player.csproj", "{04CEE5D6-5AC7-0C56-4F37-1ACE2B9F9EDC}"
EndProject
Project("{FAE04EC0-301F-11D3-BF4B-00C04F79EFBC}") = "Unity.Mathematics", "Unity.Mathematics.Player.csproj", "{BB2E6A5E-0216-E75E-C1EA-EB6DA2818168}"
EndProject
Project("{FAE04EC0-301F-11D3-BF4B-00C04F79EFBC}") = "Unity.2D.IK.Runtime", "Unity.2D.IK.Runtime.Player.csproj", "{EAF58603-5952-6903-B1C5-CA05E1A11239}"
EndProject
Project("{FAE04EC0-301F-11D3-BF4B-00C04F79EFBC}") = "Assembly-CSharp", "Assembly-CSharp.Player.csproj", "{3787D646-ED28-ACBB-88FD-1C0F9B22CDE7}"
EndProject
Project("{FAE04EC0-301F-11D3-BF4B-00C04F79EFBC}") = "UnityEngine.TestRunner", "UnityEngine.TestRunner.Player.csproj", "{3F55DB20-14DE-11C8-9D1D-6B2EAEDB4B8C}"
EndProject
Project("{FAE04EC0-301F-11D3-BF4B-00C04F79EFBC}") = "Unity.Burst", "Unity.Burst.Player.csproj", "{B21C5D0E-0EEE-070F-041E-2D0D7826617E}"
EndProject
Project("{FAE04EC0-301F-11D3-BF4B-00C04F79EFBC}") = "Unity.Collections", "Unity.Collections.Player.csproj", "{6D84507D-0B88-1703-69DC-08DBAF8228C6}"
EndProject
Project("{FAE04EC0-301F-11D3-BF4B-00C04F79EFBC}") = "Unity.2D.SpriteShape.Runtime", "Unity.2D.SpriteShape.Runtime.Player.csproj", "{E8CC6E4B-DBF8-90E5-CF45-DAA3CDF44F68}"
EndProject
Project("{FAE04EC0-301F-11D3-BF4B-00C04F79EFBC}") = "Unity.2D.Animation.Runtime", "Unity.2D.Animation.Runtime.Player.csproj", "{7E3A00CA-0ABE-819A-70E4-DEFACFC64FC5}"
EndProject
Project("{FAE04EC0-301F-11D3-BF4B-00C04F79EFBC}") = "Unity.TextMeshPro", "Unity.TextMeshPro.Player.csproj", "{97160C8E-7D6F-4D7B-0824-803FAE3022B4}"
EndProject
Project("{FAE04EC0-301F-11D3-BF4B-00C04F79EFBC}") = "Unity.InternalAPIEngineBridge.001", "Unity.InternalAPIEngineBridge.001.Player.csproj", "{B60BF337-182B-5D8C-4399-31B3BA642324}"
EndProject
Project("{FAE04EC0-301F-11D3-BF4B-00C04F79EFBC}") = "Unity.2D.PixelPerfect", "Unity.2D.PixelPerfect.Player.csproj", "{0599581F-EEA0-1A97-0A10-8A4B9F409724}"
EndProject
Project("{FAE04EC0-301F-11D3-BF4B-00C04F79EFBC}") = "Unity.2D.Common.Runtime", "Unity.2D.Common.Runtime.Player.csproj", "{419D8349-C8C3-77D7-6BC9-62115575E206}"
EndProject
Project("{FAE04EC0-301F-11D3-BF4B-00C04F79EFBC}") = "Unity.InputSystem.ForUI", "Unity.InputSystem.ForUI.Player.csproj", "{8D49ABFC-D1F1-F0DE-B1C7-FAE3BF760BE7}"
EndProject
Project("{FAE04EC0-301F-11D3-BF4B-00C04F79EFBC}") = "Unity.InputSystem.TestFramework", "Unity.InputSystem.TestFramework.Player.csproj", "{BBA92791-256D-C003-CF96-EC7BA0B9B4FA}"
EndProject
Global
	GlobalSection(SolutionConfigurationPlatforms) = preSolution
		Debug|Any CPU = Debug|Any CPU
		Release|Any CPU = Release|Any CPU
	EndGlobalSection
	GlobalSection(ProjectConfigurationPlatforms) = postSolution
		{F7482ECD-2091-4BDF-C97B-109360BAE08C}.Debug|Any CPU.ActiveCfg = Debug|Any CPU
		{F7482ECD-2091-4BDF-C97B-109360BAE08C}.Debug|Any CPU.Build.0 = Debug|Any CPU
		{F7482ECD-2091-4BDF-C97B-109360BAE08C}.Release|Any CPU.ActiveCfg = Release|Any CPU
		{F7482ECD-2091-4BDF-C97B-109360BAE08C}.Release|Any CPU.Build.0 = Release|Any CPU
		{7F9BE796-84A4-73E4-22E4-64D3AC278687}.Debug|Any CPU.ActiveCfg = Debug|Any CPU
		{7F9BE796-84A4-73E4-22E4-64D3AC278687}.Debug|Any CPU.Build.0 = Debug|Any CPU
		{7F9BE796-84A4-73E4-22E4-64D3AC278687}.Release|Any CPU.ActiveCfg = Release|Any CPU
		{7F9BE796-84A4-73E4-22E4-64D3AC278687}.Release|Any CPU.Build.0 = Release|Any CPU
		{BC2B51AB-479A-4DCB-323E-E465A872C70D}.Debug|Any CPU.ActiveCfg = Debug|Any CPU
		{BC2B51AB-479A-4DCB-323E-E465A872C70D}.Debug|Any CPU.Build.0 = Debug|Any CPU
		{BC2B51AB-479A-4DCB-323E-E465A872C70D}.Release|Any CPU.ActiveCfg = Release|Any CPU
		{BC2B51AB-479A-4DCB-323E-E465A872C70D}.Release|Any CPU.Build.0 = Release|Any CPU
		{BF0A4CB2-48B5-63A7-4989-4E05C804CF93}.Debug|Any CPU.ActiveCfg = Debug|Any CPU
		{BF0A4CB2-48B5-63A7-4989-4E05C804CF93}.Debug|Any CPU.Build.0 = Debug|Any CPU
		{BF0A4CB2-48B5-63A7-4989-4E05C804CF93}.Release|Any CPU.ActiveCfg = Release|Any CPU
		{BF0A4CB2-48B5-63A7-4989-4E05C804CF93}.Release|Any CPU.Build.0 = Release|Any CPU
		{F56E2222-4B45-D181-773E-CA87823924C5}.Debug|Any CPU.ActiveCfg = Debug|Any CPU
		{F56E2222-4B45-D181-773E-CA87823924C5}.Debug|Any CPU.Build.0 = Debug|Any CPU
		{F56E2222-4B45-D181-773E-CA87823924C5}.Release|Any CPU.ActiveCfg = Release|Any CPU
		{F56E2222-4B45-D181-773E-CA87823924C5}.Release|Any CPU.Build.0 = Release|Any CPU
		{E8FAEE29-BED1-3383-B5A8-1BADA4756CCB}.Debug|Any CPU.ActiveCfg = Debug|Any CPU
		{E8FAEE29-BED1-3383-B5A8-1BADA4756CCB}.Debug|Any CPU.Build.0 = Debug|Any CPU
		{E8FAEE29-BED1-3383-B5A8-1BADA4756CCB}.Release|Any CPU.ActiveCfg = Release|Any CPU
		{E8FAEE29-BED1-3383-B5A8-1BADA4756CCB}.Release|Any CPU.Build.0 = Release|Any CPU
		{F160567A-EB2D-D291-2751-36E198AE393C}.Debug|Any CPU.ActiveCfg = Debug|Any CPU
		{F160567A-EB2D-D291-2751-36E198AE393C}.Debug|Any CPU.Build.0 = Debug|Any CPU
		{F160567A-EB2D-D291-2751-36E198AE393C}.Release|Any CPU.ActiveCfg = Release|Any CPU
		{F160567A-EB2D-D291-2751-36E198AE393C}.Release|Any CPU.Build.0 = Release|Any CPU
		{D8169AC1-2BB5-25F2-D0DA-C977EBBFCF7F}.Debug|Any CPU.ActiveCfg = Debug|Any CPU
		{D8169AC1-2BB5-25F2-D0DA-C977EBBFCF7F}.Debug|Any CPU.Build.0 = Debug|Any CPU
		{D8169AC1-2BB5-25F2-D0DA-C977EBBFCF7F}.Release|Any CPU.ActiveCfg = Release|Any CPU
		{D8169AC1-2BB5-25F2-D0DA-C977EBBFCF7F}.Release|Any CPU.Build.0 = Release|Any CPU
		{11A7659B-A404-B585-1388-916B817FF5A3}.Debug|Any CPU.ActiveCfg = Debug|Any CPU
		{11A7659B-A404-B585-1388-916B817FF5A3}.Debug|Any CPU.Build.0 = Debug|Any CPU
		{11A7659B-A404-B585-1388-916B817FF5A3}.Release|Any CPU.ActiveCfg = Release|Any CPU
		{11A7659B-A404-B585-1388-916B817FF5A3}.Release|Any CPU.Build.0 = Release|Any CPU
		{09FAB26D-A08A-4601-BD2C-C27C4CDF7454}.Debug|Any CPU.ActiveCfg = Debug|Any CPU
		{09FAB26D-A08A-4601-BD2C-C27C4CDF7454}.Debug|Any CPU.Build.0 = Debug|Any CPU
		{09FAB26D-A08A-4601-BD2C-C27C4CDF7454}.Release|Any CPU.ActiveCfg = Release|Any CPU
		{09FAB26D-A08A-4601-BD2C-C27C4CDF7454}.Release|Any CPU.Build.0 = Release|Any CPU
		{FA30E60F-65C4-4837-8800-9CB4A439FFB8}.Debug|Any CPU.ActiveCfg = Debug|Any CPU
		{FA30E60F-65C4-4837-8800-9CB4A439FFB8}.Debug|Any CPU.Build.0 = Debug|Any CPU
		{FA30E60F-65C4-4837-8800-9CB4A439FFB8}.Release|Any CPU.ActiveCfg = Release|Any CPU
		{FA30E60F-65C4-4837-8800-9CB4A439FFB8}.Release|Any CPU.Build.0 = Release|Any CPU
		{15DE9972-4BFB-C2B5-EF3A-10BE0F2196D3}.Debug|Any CPU.ActiveCfg = Debug|Any CPU
		{15DE9972-4BFB-C2B5-EF3A-10BE0F2196D3}.Debug|Any CPU.Build.0 = Debug|Any CPU
		{15DE9972-4BFB-C2B5-EF3A-10BE0F2196D3}.Release|Any CPU.ActiveCfg = Release|Any CPU
		{15DE9972-4BFB-C2B5-EF3A-10BE0F2196D3}.Release|Any CPU.Build.0 = Release|Any CPU
		{E8742BF9-4D29-7669-3E67-3FBC893F5557}.Debug|Any CPU.ActiveCfg = Debug|Any CPU
		{E8742BF9-4D29-7669-3E67-3FBC893F5557}.Debug|Any CPU.Build.0 = Debug|Any CPU
		{E8742BF9-4D29-7669-3E67-3FBC893F5557}.Release|Any CPU.ActiveCfg = Release|Any CPU
		{E8742BF9-4D29-7669-3E67-3FBC893F5557}.Release|Any CPU.Build.0 = Release|Any CPU
		{6652CD25-A686-421D-AD6C-2A59A0B4257E}.Debug|Any CPU.ActiveCfg = Debug|Any CPU
		{6652CD25-A686-421D-AD6C-2A59A0B4257E}.Debug|Any CPU.Build.0 = Debug|Any CPU
		{6652CD25-A686-421D-AD6C-2A59A0B4257E}.Release|Any CPU.ActiveCfg = Release|Any CPU
		{6652CD25-A686-421D-AD6C-2A59A0B4257E}.Release|Any CPU.Build.0 = Release|Any CPU
		{7179A8B1-CA08-F883-B061-BBAA0507700B}.Debug|Any CPU.ActiveCfg = Debug|Any CPU
		{7179A8B1-CA08-F883-B061-BBAA0507700B}.Debug|Any CPU.Build.0 = Debug|Any CPU
		{7179A8B1-CA08-F883-B061-BBAA0507700B}.Release|Any CPU.ActiveCfg = Release|Any CPU
		{7179A8B1-CA08-F883-B061-BBAA0507700B}.Release|Any CPU.Build.0 = Release|Any CPU
		{FE04EAE7-143F-8B6C-208A-082D40D2ED85}.Debug|Any CPU.ActiveCfg = Debug|Any CPU
		{FE04EAE7-143F-8B6C-208A-082D40D2ED85}.Debug|Any CPU.Build.0 = Debug|Any CPU
		{FE04EAE7-143F-8B6C-208A-082D40D2ED85}.Release|Any CPU.ActiveCfg = Release|Any CPU
		{FE04EAE7-143F-8B6C-208A-082D40D2ED85}.Release|Any CPU.Build.0 = Release|Any CPU
		{F11EAD29-3E18-87BE-59B1-9946B7CB8EF0}.Debug|Any CPU.ActiveCfg = Debug|Any CPU
		{F11EAD29-3E18-87BE-59B1-9946B7CB8EF0}.Debug|Any CPU.Build.0 = Debug|Any CPU
		{F11EAD29-3E18-87BE-59B1-9946B7CB8EF0}.Release|Any CPU.ActiveCfg = Release|Any CPU
		{F11EAD29-3E18-87BE-59B1-9946B7CB8EF0}.Release|Any CPU.Build.0 = Release|Any CPU
		{A191C982-8437-08BF-7D28-F80C9FD4128C}.Debug|Any CPU.ActiveCfg = Debug|Any CPU
		{A191C982-8437-08BF-7D28-F80C9FD4128C}.Debug|Any CPU.Build.0 = Debug|Any CPU
		{A191C982-8437-08BF-7D28-F80C9FD4128C}.Release|Any CPU.ActiveCfg = Release|Any CPU
		{A191C982-8437-08BF-7D28-F80C9FD4128C}.Release|Any CPU.Build.0 = Release|Any CPU
		{F1AA30E0-EAD8-CD49-7278-11B0E60E505A}.Debug|Any CPU.ActiveCfg = Debug|Any CPU
		{F1AA30E0-EAD8-CD49-7278-11B0E60E505A}.Debug|Any CPU.Build.0 = Debug|Any CPU
		{F1AA30E0-EAD8-CD49-7278-11B0E60E505A}.Release|Any CPU.ActiveCfg = Release|Any CPU
		{F1AA30E0-EAD8-CD49-7278-11B0E60E505A}.Release|Any CPU.Build.0 = Release|Any CPU
		{FEAA6A49-FB12-65F8-18F1-DEA088BCDD42}.Debug|Any CPU.ActiveCfg = Debug|Any CPU
		{FEAA6A49-FB12-65F8-18F1-DEA088BCDD42}.Debug|Any CPU.Build.0 = Debug|Any CPU
		{FEAA6A49-FB12-65F8-18F1-DEA088BCDD42}.Release|Any CPU.ActiveCfg = Release|Any CPU
		{FEAA6A49-FB12-65F8-18F1-DEA088BCDD42}.Release|Any CPU.Build.0 = Release|Any CPU
		{8F722293-EE26-19B1-55A0-257CB323BCAC}.Debug|Any CPU.ActiveCfg = Debug|Any CPU
		{8F722293-EE26-19B1-55A0-257CB323BCAC}.Debug|Any CPU.Build.0 = Debug|Any CPU
		{8F722293-EE26-19B1-55A0-257CB323BCAC}.Release|Any CPU.ActiveCfg = Release|Any CPU
		{8F722293-EE26-19B1-55A0-257CB323BCAC}.Release|Any CPU.Build.0 = Release|Any CPU
		{65486E4B-3220-3110-55C0-F5CE9D336528}.Debug|Any CPU.ActiveCfg = Debug|Any CPU
		{65486E4B-3220-3110-55C0-F5CE9D336528}.Debug|Any CPU.Build.0 = Debug|Any CPU
		{65486E4B-3220-3110-55C0-F5CE9D336528}.Release|Any CPU.ActiveCfg = Release|Any CPU
		{65486E4B-3220-3110-55C0-F5CE9D336528}.Release|Any CPU.Build.0 = Release|Any CPU
		{0AF8F118-0C90-5F3D-92BD-26A20680B7EC}.Debug|Any CPU.ActiveCfg = Debug|Any CPU
		{0AF8F118-0C90-5F3D-92BD-26A20680B7EC}.Debug|Any CPU.Build.0 = Debug|Any CPU
		{0AF8F118-0C90-5F3D-92BD-26A20680B7EC}.Release|Any CPU.ActiveCfg = Release|Any CPU
		{0AF8F118-0C90-5F3D-92BD-26A20680B7EC}.Release|Any CPU.Build.0 = Release|Any CPU
		{D79E9004-52E6-557D-3DD5-4660F5BE7700}.Debug|Any CPU.ActiveCfg = Debug|Any CPU
		{D79E9004-52E6-557D-3DD5-4660F5BE7700}.Debug|Any CPU.Build.0 = Debug|Any CPU
		{D79E9004-52E6-557D-3DD5-4660F5BE7700}.Release|Any CPU.ActiveCfg = Release|Any CPU
		{D79E9004-52E6-557D-3DD5-4660F5BE7700}.Release|Any CPU.Build.0 = Release|Any CPU
		{761D0EA2-580B-F467-D78F-63350FE95CFE}.Debug|Any CPU.ActiveCfg = Debug|Any CPU
		{761D0EA2-580B-F467-D78F-63350FE95CFE}.Debug|Any CPU.Build.0 = Debug|Any CPU
		{761D0EA2-580B-F467-D78F-63350FE95CFE}.Release|Any CPU.ActiveCfg = Release|Any CPU
		{761D0EA2-580B-F467-D78F-63350FE95CFE}.Release|Any CPU.Build.0 = Release|Any CPU
		{16091D2E-C5BF-32DC-85AD-7496EED45A99}.Debug|Any CPU.ActiveCfg = Debug|Any CPU
		{16091D2E-C5BF-32DC-85AD-7496EED45A99}.Debug|Any CPU.Build.0 = Debug|Any CPU
		{16091D2E-C5BF-32DC-85AD-7496EED45A99}.Release|Any CPU.ActiveCfg = Release|Any CPU
		{16091D2E-C5BF-32DC-85AD-7496EED45A99}.Release|Any CPU.Build.0 = Release|Any CPU
		{97794148-C8C4-DFDD-DFB4-BC0B2A21D5A1}.Debug|Any CPU.ActiveCfg = Debug|Any CPU
		{97794148-C8C4-DFDD-DFB4-BC0B2A21D5A1}.Debug|Any CPU.Build.0 = Debug|Any CPU
		{97794148-C8C4-DFDD-DFB4-BC0B2A21D5A1}.Release|Any CPU.ActiveCfg = Release|Any CPU
		{97794148-C8C4-DFDD-DFB4-BC0B2A21D5A1}.Release|Any CPU.Build.0 = Release|Any CPU
		{B9FC764F-6DFA-F900-A8CB-BDA7918818D7}.Debug|Any CPU.ActiveCfg = Debug|Any CPU
		{B9FC764F-6DFA-F900-A8CB-BDA7918818D7}.Debug|Any CPU.Build.0 = Debug|Any CPU
		{B9FC764F-6DFA-F900-A8CB-BDA7918818D7}.Release|Any CPU.ActiveCfg = Release|Any CPU
		{B9FC764F-6DFA-F900-A8CB-BDA7918818D7}.Release|Any CPU.Build.0 = Release|Any CPU
		{0B8FD0E0-52DE-F683-46F6-5C2E4D0E9C1D}.Debug|Any CPU.ActiveCfg = Debug|Any CPU
		{0B8FD0E0-52DE-F683-46F6-5C2E4D0E9C1D}.Debug|Any CPU.Build.0 = Debug|Any CPU
		{0B8FD0E0-52DE-F683-46F6-5C2E4D0E9C1D}.Release|Any CPU.ActiveCfg = Release|Any CPU
		{0B8FD0E0-52DE-F683-46F6-5C2E4D0E9C1D}.Release|Any CPU.Build.0 = Release|Any CPU
		{70A8A395-063A-6C50-2923-55F84FEF39C1}.Debug|Any CPU.ActiveCfg = Debug|Any CPU
		{70A8A395-063A-6C50-2923-55F84FEF39C1}.Debug|Any CPU.Build.0 = Debug|Any CPU
		{70A8A395-063A-6C50-2923-55F84FEF39C1}.Release|Any CPU.ActiveCfg = Release|Any CPU
		{70A8A395-063A-6C50-2923-55F84FEF39C1}.Release|Any CPU.Build.0 = Release|Any CPU
		{A2552050-BFF2-7696-00C4-DFABB7530328}.Debug|Any CPU.ActiveCfg = Debug|Any CPU
		{A2552050-BFF2-7696-00C4-DFABB7530328}.Debug|Any CPU.Build.0 = Debug|Any CPU
		{A2552050-BFF2-7696-00C4-DFABB7530328}.Release|Any CPU.ActiveCfg = Release|Any CPU
		{A2552050-BFF2-7696-00C4-DFABB7530328}.Release|Any CPU.Build.0 = Release|Any CPU
		{20BF7A37-F357-6F7F-23C7-98ECC2400630}.Debug|Any CPU.ActiveCfg = Debug|Any CPU
		{20BF7A37-F357-6F7F-23C7-98ECC2400630}.Debug|Any CPU.Build.0 = Debug|Any CPU
		{20BF7A37-F357-6F7F-23C7-98ECC2400630}.Release|Any CPU.ActiveCfg = Release|Any CPU
		{20BF7A37-F357-6F7F-23C7-98ECC2400630}.Release|Any CPU.Build.0 = Release|Any CPU
		{FDF0810D-7CCD-0C84-A72B-B7EB2A900562}.Debug|Any CPU.ActiveCfg = Debug|Any CPU
		{FDF0810D-7CCD-0C84-A72B-B7EB2A900562}.Debug|Any CPU.Build.0 = Debug|Any CPU
		{FDF0810D-7CCD-0C84-A72B-B7EB2A900562}.Release|Any CPU.ActiveCfg = Release|Any CPU
		{FDF0810D-7CCD-0C84-A72B-B7EB2A900562}.Release|Any CPU.Build.0 = Release|Any CPU
		{782B6C83-1D2F-09D8-B6C2-950A1B583DAB}.Debug|Any CPU.ActiveCfg = Debug|Any CPU
		{782B6C83-1D2F-09D8-B6C2-950A1B583DAB}.Debug|Any CPU.Build.0 = Debug|Any CPU
		{782B6C83-1D2F-09D8-B6C2-950A1B583DAB}.Release|Any CPU.ActiveCfg = Release|Any CPU
		{782B6C83-1D2F-09D8-B6C2-950A1B583DAB}.Release|Any CPU.Build.0 = Release|Any CPU
		{F56E7E16-B449-4BDC-6379-F56020DBCB33}.Debug|Any CPU.ActiveCfg = Debug|Any CPU
		{F56E7E16-B449-4BDC-6379-F56020DBCB33}.Debug|Any CPU.Build.0 = Debug|Any CPU
		{F56E7E16-B449-4BDC-6379-F56020DBCB33}.Release|Any CPU.ActiveCfg = Release|Any CPU
		{F56E7E16-B449-4BDC-6379-F56020DBCB33}.Release|Any CPU.Build.0 = Release|Any CPU
		{261C7922-DC54-0121-F7CA-70875072152A}.Debug|Any CPU.ActiveCfg = Debug|Any CPU
		{261C7922-DC54-0121-F7CA-70875072152A}.Debug|Any CPU.Build.0 = Debug|Any CPU
		{261C7922-DC54-0121-F7CA-70875072152A}.Release|Any CPU.ActiveCfg = Release|Any CPU
		{261C7922-DC54-0121-F7CA-70875072152A}.Release|Any CPU.Build.0 = Release|Any CPU
		{9DD7FDE6-7CD0-9CE6-A73B-85997E0A4750}.Debug|Any CPU.ActiveCfg = Debug|Any CPU
		{9DD7FDE6-7CD0-9CE6-A73B-85997E0A4750}.Debug|Any CPU.Build.0 = Debug|Any CPU
		{9DD7FDE6-7CD0-9CE6-A73B-85997E0A4750}.Release|Any CPU.ActiveCfg = Release|Any CPU
		{9DD7FDE6-7CD0-9CE6-A73B-85997E0A4750}.Release|Any CPU.Build.0 = Release|Any CPU
		{C809015C-71AC-E10B-29B6-FE52ABD9CF35}.Debug|Any CPU.ActiveCfg = Debug|Any CPU
		{C809015C-71AC-E10B-29B6-FE52ABD9CF35}.Debug|Any CPU.Build.0 = Debug|Any CPU
		{C809015C-71AC-E10B-29B6-FE52ABD9CF35}.Release|Any CPU.ActiveCfg = Release|Any CPU
		{C809015C-71AC-E10B-29B6-FE52ABD9CF35}.Release|Any CPU.Build.0 = Release|Any CPU
		{2AD39CBE-2AEF-E7F9-A2CB-B55F7F1603B6}.Debug|Any CPU.ActiveCfg = Debug|Any CPU
		{2AD39CBE-2AEF-E7F9-A2CB-B55F7F1603B6}.Debug|Any CPU.Build.0 = Debug|Any CPU
		{2AD39CBE-2AEF-E7F9-A2CB-B55F7F1603B6}.Release|Any CPU.ActiveCfg = Release|Any CPU
		{2AD39CBE-2AEF-E7F9-A2CB-B55F7F1603B6}.Release|Any CPU.Build.0 = Release|Any CPU
		{04CEE5D6-5AC7-0C56-4F37-1ACE2B9F9EDC}.Debug|Any CPU.ActiveCfg = Debug|Any CPU
		{04CEE5D6-5AC7-0C56-4F37-1ACE2B9F9EDC}.Debug|Any CPU.Build.0 = Debug|Any CPU
		{04CEE5D6-5AC7-0C56-4F37-1ACE2B9F9EDC}.Release|Any CPU.ActiveCfg = Release|Any CPU
		{04CEE5D6-5AC7-0C56-4F37-1ACE2B9F9EDC}.Release|Any CPU.Build.0 = Release|Any CPU
		{BB2E6A5E-0216-E75E-C1EA-EB6DA2818168}.Debug|Any CPU.ActiveCfg = Debug|Any CPU
		{BB2E6A5E-0216-E75E-C1EA-EB6DA2818168}.Debug|Any CPU.Build.0 = Debug|Any CPU
		{BB2E6A5E-0216-E75E-C1EA-EB6DA2818168}.Release|Any CPU.ActiveCfg = Release|Any CPU
		{BB2E6A5E-0216-E75E-C1EA-EB6DA2818168}.Release|Any CPU.Build.0 = Release|Any CPU
		{EAF58603-5952-6903-B1C5-CA05E1A11239}.Debug|Any CPU.ActiveCfg = Debug|Any CPU
		{EAF58603-5952-6903-B1C5-CA05E1A11239}.Debug|Any CPU.Build.0 = Debug|Any CPU
		{EAF58603-5952-6903-B1C5-CA05E1A11239}.Release|Any CPU.ActiveCfg = Release|Any CPU
		{EAF58603-5952-6903-B1C5-CA05E1A11239}.Release|Any CPU.Build.0 = Release|Any CPU
		{3787D646-ED28-ACBB-88FD-1C0F9B22CDE7}.Debug|Any CPU.ActiveCfg = Debug|Any CPU
		{3787D646-ED28-ACBB-88FD-1C0F9B22CDE7}.Debug|Any CPU.Build.0 = Debug|Any CPU
		{3787D646-ED28-ACBB-88FD-1C0F9B22CDE7}.Release|Any CPU.ActiveCfg = Release|Any CPU
		{3787D646-ED28-ACBB-88FD-1C0F9B22CDE7}.Release|Any CPU.Build.0 = Release|Any CPU
		{3F55DB20-14DE-11C8-9D1D-6B2EAEDB4B8C}.Debug|Any CPU.ActiveCfg = Debug|Any CPU
		{3F55DB20-14DE-11C8-9D1D-6B2EAEDB4B8C}.Debug|Any CPU.Build.0 = Debug|Any CPU
		{3F55DB20-14DE-11C8-9D1D-6B2EAEDB4B8C}.Release|Any CPU.ActiveCfg = Release|Any CPU
		{3F55DB20-14DE-11C8-9D1D-6B2EAEDB4B8C}.Release|Any CPU.Build.0 = Release|Any CPU
		{B21C5D0E-0EEE-070F-041E-2D0D7826617E}.Debug|Any CPU.ActiveCfg = Debug|Any CPU
		{B21C5D0E-0EEE-070F-041E-2D0D7826617E}.Debug|Any CPU.Build.0 = Debug|Any CPU
		{B21C5D0E-0EEE-070F-041E-2D0D7826617E}.Release|Any CPU.ActiveCfg = Release|Any CPU
		{B21C5D0E-0EEE-070F-041E-2D0D7826617E}.Release|Any CPU.Build.0 = Release|Any CPU
		{6D84507D-0B88-1703-69DC-08DBAF8228C6}.Debug|Any CPU.ActiveCfg = Debug|Any CPU
		{6D84507D-0B88-1703-69DC-08DBAF8228C6}.Debug|Any CPU.Build.0 = Debug|Any CPU
		{6D84507D-0B88-1703-69DC-08DBAF8228C6}.Release|Any CPU.ActiveCfg = Release|Any CPU
		{6D84507D-0B88-1703-69DC-08DBAF8228C6}.Release|Any CPU.Build.0 = Release|Any CPU
		{E8CC6E4B-DBF8-90E5-CF45-DAA3CDF44F68}.Debug|Any CPU.ActiveCfg = Debug|Any CPU
		{E8CC6E4B-DBF8-90E5-CF45-DAA3CDF44F68}.Debug|Any CPU.Build.0 = Debug|Any CPU
		{E8CC6E4B-DBF8-90E5-CF45-DAA3CDF44F68}.Release|Any CPU.ActiveCfg = Release|Any CPU
		{E8CC6E4B-DBF8-90E5-CF45-DAA3CDF44F68}.Release|Any CPU.Build.0 = Release|Any CPU
		{7E3A00CA-0ABE-819A-70E4-DEFACFC64FC5}.Debug|Any CPU.ActiveCfg = Debug|Any CPU
		{7E3A00CA-0ABE-819A-70E4-DEFACFC64FC5}.Debug|Any CPU.Build.0 = Debug|Any CPU
		{7E3A00CA-0ABE-819A-70E4-DEFACFC64FC5}.Release|Any CPU.ActiveCfg = Release|Any CPU
		{7E3A00CA-0ABE-819A-70E4-DEFACFC64FC5}.Release|Any CPU.Build.0 = Release|Any CPU
		{97160C8E-7D6F-4D7B-0824-803FAE3022B4}.Debug|Any CPU.ActiveCfg = Debug|Any CPU
		{97160C8E-7D6F-4D7B-0824-803FAE3022B4}.Debug|Any CPU.Build.0 = Debug|Any CPU
		{97160C8E-7D6F-4D7B-0824-803FAE3022B4}.Release|Any CPU.ActiveCfg = Release|Any CPU
		{97160C8E-7D6F-4D7B-0824-803FAE3022B4}.Release|Any CPU.Build.0 = Release|Any CPU
		{B60BF337-182B-5D8C-4399-31B3BA642324}.Debug|Any CPU.ActiveCfg = Debug|Any CPU
		{B60BF337-182B-5D8C-4399-31B3BA642324}.Debug|Any CPU.Build.0 = Debug|Any CPU
		{B60BF337-182B-5D8C-4399-31B3BA642324}.Release|Any CPU.ActiveCfg = Release|Any CPU
		{B60BF337-182B-5D8C-4399-31B3BA642324}.Release|Any CPU.Build.0 = Release|Any CPU
		{0599581F-EEA0-1A97-0A10-8A4B9F409724}.Debug|Any CPU.ActiveCfg = Debug|Any CPU
		{0599581F-EEA0-1A97-0A10-8A4B9F409724}.Debug|Any CPU.Build.0 = Debug|Any CPU
		{0599581F-EEA0-1A97-0A10-8A4B9F409724}.Release|Any CPU.ActiveCfg = Release|Any CPU
		{0599581F-EEA0-1A97-0A10-8A4B9F409724}.Release|Any CPU.Build.0 = Release|Any CPU
		{419D8349-C8C3-77D7-6BC9-62115575E206}.Debug|Any CPU.ActiveCfg = Debug|Any CPU
		{419D8349-C8C3-77D7-6BC9-62115575E206}.Debug|Any CPU.Build.0 = Debug|Any CPU
		{419D8349-C8C3-77D7-6BC9-62115575E206}.Release|Any CPU.ActiveCfg = Release|Any CPU
		{419D8349-C8C3-77D7-6BC9-62115575E206}.Release|Any CPU.Build.0 = Release|Any CPU
		{8D49ABFC-D1F1-F0DE-B1C7-FAE3BF760BE7}.Debug|Any CPU.ActiveCfg = Debug|Any CPU
		{8D49ABFC-D1F1-F0DE-B1C7-FAE3BF760BE7}.Debug|Any CPU.Build.0 = Debug|Any CPU
		{8D49ABFC-D1F1-F0DE-B1C7-FAE3BF760BE7}.Release|Any CPU.ActiveCfg = Release|Any CPU
		{8D49ABFC-D1F1-F0DE-B1C7-FAE3BF760BE7}.Release|Any CPU.Build.0 = Release|Any CPU
		{BBA92791-256D-C003-CF96-EC7BA0B9B4FA}.Debug|Any CPU.ActiveCfg = Debug|Any CPU
		{BBA92791-256D-C003-CF96-EC7BA0B9B4FA}.Debug|Any CPU.Build.0 = Debug|Any CPU
		{BBA92791-256D-C003-CF96-EC7BA0B9B4FA}.Release|Any CPU.ActiveCfg = Release|Any CPU
		{BBA92791-256D-C003-CF96-EC7BA0B9B4FA}.Release|Any CPU.Build.0 = Release|Any CPU
	EndGlobalSection
	GlobalSection(SolutionProperties) = preSolution
		HideSolutionNode = FALSE
	EndGlobalSection
EndGlobal
